
Microsoft Visual Studio Solution File, Format Version 12.00
# Blend for Visual Studio Version 17
VisualStudioVersion = 17.0.31612.314
MinimumVisualStudioVersion = 10.0.40219.1
Project("{FAE04EC0-301F-11D3-BF4B-00C04F79EFBC}") = "Hub", "Hub.csproj", "{8EC1A0F8-EA87-412F-A8A2-CB265C716649}"
EndProject
Global
	GlobalSection(SolutionConfigurationPlatforms) = preSolution
		Debug|Any CPU = Debug|Any CPU
		Release|Any CPU = Release|Any CPU
	EndGlobalSection
	GlobalSection(ProjectConfigurationPlatforms) = postSolution
		{8EC1A0F8-EA87-412F-A8A2-CB265C716649}.Debug|Any CPU.ActiveCfg = Debug|Any CPU
		{8EC1A0F8-EA87-412F-A8A2-CB265C716649}.Debug|Any CPU.Build.0 = Debug|Any CPU
		{8EC1A0F8-EA87-412F-A8A2-CB265C716649}.Release|Any CPU.ActiveCfg = Release|Any CPU
		{8EC1A0F8-EA87-412F-A8A2-CB265C716649}.Release|Any CPU.Build.0 = Release|Any CPU
	EndGlobalSection
	GlobalSection(SolutionProperties) = preSolution
		HideSolutionNode = FALSE
	EndGlobalSection
	GlobalSection(ExtensibilityGlobals) = postSolution
		SolutionGuid = {B89BF54C-8277-42DB-8575-13076700B0D9}
	EndGlobalSection
EndGlobal
